# This file is automatically @generated by Cargo.
# It is not intended for manual editing.
version = 4

[[package]]
name = "cc"
version = "1.2.20"
source = "registry+https://github.com/rust-lang/crates.io-index"
checksum = "04da6a0d40b948dfc4fa8f5bbf402b0fc1a64a28dbf7d12ffd683550f2c1b63a"
dependencies = [
 "shlex",
]

[[package]]
name = "clipcrab"
version = "0.1.0"
dependencies = [
 "getopt",
 "getopt-long",
]

[[package]]
name = "getopt"
version = "1.1.7"
source = "registry+https://github.com/rust-lang/crates.io-index"
checksum = "2a9e40b04867f241a94b98f4649825925553807ae34f07b953a590270f45d9d4"

[[package]]
name = "getopt-long"
version = "0.3.0"
source = "registry+https://github.com/rust-lang/crates.io-index"
checksum = "46181f6d978c178b628e7f122272fed286bfdd0f515d886cdd85243e7f46674a"
dependencies = [
 "cc",
]

[[package]]
name = "shlex"
version = "1.3.0"
source = "registry+https://github.com/rust-lang/crates.io-index"
checksum = "0fda2ff0d084019ba4d7c6f371c95d8fd75ce3524c3cb8fb653a3023f6323e64"
